
Microsoft Visual Studio Solution File, Format Version 12.00
# Visual Studio 14
VisualStudioVersion = 14.0.25420.1
MinimumVisualStudioVersion = 10.0.40219.1
Project("{FAE04EC0-301F-11D3-BF4B-00C04F79EFBC}") = "FileUpload", "FileUpload\FileUpload.csproj", "{11ADA1CC-99F7-4AD6-88A6-B454AE98A7BD}"
EndProject
Global
	GlobalSection(SolutionConfigurationPlatforms) = preSolution
		Debug|Any CPU = Debug|Any CPU
		Release|Any CPU = Release|Any CPU
	EndGlobalSection
	GlobalSection(ProjectConfigurationPlatforms) = postSolution
		{11ADA1CC-99F7-4AD6-88A6-B454AE98A7BD}.Debug|Any CPU.ActiveCfg = Debug|Any CPU
		{11ADA1CC-99F7-4AD6-88A6-B454AE98A7BD}.Debug|Any CPU.Build.0 = Debug|Any CPU
		{11ADA1CC-99F7-4AD6-88A6-B454AE98A7BD}.Release|Any CPU.ActiveCfg = Release|Any CPU
		{11ADA1CC-99F7-4AD6-88A6-B454AE98A7BD}.Release|Any CPU.Build.0 = Release|Any CPU
	EndGlobalSection
	GlobalSection(SolutionProperties) = preSolution
		HideSolutionNode = FALSE
	EndGlobalSection
EndGlobal
